{
  "originHash" : "364a7785ea03af050d4e846f83c49cc796273bae478e4d879d29013c9b1d6b7a",
  "pins" : [
    {
      "identity" : "storekitwrapper",
      "kind" : "remoteSourceControl",
      "location" : "https://github.com/muhiro12/StoreKitWrapper",
      "state" : {
        "revision" : "c43d9cd7f68eb66d63f6b258af48c9825c1f0d00",
        "version" : "1.2.0"
      }
    },
    {
      "identity" : "swiftutilities",
      "kind" : "remoteSourceControl",
      "location" : "https://github.com/muhiro12/SwiftUtilities",
      "state" : {
        "revision" : "1e7e633caa979d8dafea34701dd48c8aa1b5e0ac",
        "version" : "1.31.0"
      }
    }
  ],
  "version" : 3
}
