{
  "originHash" : "0f555934abca522f4e15968c4570606b4e239c75039f01603f5619dae97dfe49",
  "pins" : [
    {
      "identity" : "storekitwrapper",
      "kind" : "remoteSourceControl",
      "location" : "https://github.com/muhiro12/StoreKitWrapper",
      "state" : {
        "revision" : "c43d9cd7f68eb66d63f6b258af48c9825c1f0d00",
        "version" : "1.2.0"
      }
    },
    {
      "identity" : "swiftutilities",
      "kind" : "remoteSourceControl",
      "location" : "https://github.com/muhiro12/SwiftUtilities",
      "state" : {
        "revision" : "b7dba7dfbd908cf33bcb3f54b818274c136ebe5a",
        "version" : "1.34.0"
      }
    }
  ],
  "version" : 3
}
